# THIS IS AN AUTOGENERATED FILE. DO NOT EDIT THIS FILE DIRECTLY.
# yarn lockfile v1


async@^2.6.0:
  version "2.6.0"
  resolved "https://registry.yarnpkg.com/async/-/async-2.6.0.tgz#61a29abb6fcc026fea77e56d1c6ec53a795951f4"
  dependencies:
    lodash "^4.14.0"

bluebird@^3.5.1:
  version "3.5.1"
  resolved "https://registry.yarnpkg.com/bluebird/-/bluebird-3.5.1.tgz#d9551f9de98f1fcda1e683d17ee91a0602ee2eb9"

debug@^3.1.0:
  version "3.1.0"
  resolved "https://registry.yarnpkg.com/debug/-/debug-3.1.0.tgz#5bb5a0672628b64149566ba16819e61518c67261"
  dependencies:
    ms "2.0.0"

ip@^1.1.5:
  version "1.1.5"
  resolved "https://registry.yarnpkg.com/ip/-/ip-1.1.5.tgz#bdded70114290828c0a039e72ef25f5aaec4354a"

lodash@^4.14.0:
  version "4.17.4"
  resolved "https://registry.yarnpkg.com/lodash/-/lodash-4.17.4.tgz#78203a4d1c328ae1d86dca6460e369b57f4055ae"

ms@2.0.0:
  version "2.0.0"
  resolved "https://registry.yarnpkg.com/ms/-/ms-2.0.0.tgz#5608aeadfc00be6c2901df5f9861788de0d597c8"

nan@2.3.*:
  version "2.3.5"
  resolved "https://registry.yarnpkg.com/nan/-/nan-2.3.5.tgz#822a0dc266290ce4cd3a12282ca3e7e364668a08"

net-ping@^1.2.1:
  version "1.2.1"
  resolved "https://registry.yarnpkg.com/net-ping/-/net-ping-1.2.1.tgz#6331265ac6c9edac98d48d07101b5af8308eabf5"
  dependencies:
    raw-socket "*"

node-arp@^1.0.5:
  version "1.0.5"
  resolved "https://registry.yarnpkg.com/node-arp/-/node-arp-1.0.5.tgz#b0fac515660a7583b2ba05a166e34a579702d98f"

raw-socket@*:
  version "1.5.1"
  resolved "https://registry.yarnpkg.com/raw-socket/-/raw-socket-1.5.1.tgz#a85466c7984c0f0c3842ee562dc61b9873977528"
  dependencies:
    nan "2.3.*"
